
Microsoft Visual Studio Solution File, Format Version 12.00
# Visual Studio Version 16
VisualStudioVersion = 16.0.31729.503
MinimumVisualStudioVersion = 10.0.40219.1
Project("{FAE04EC0-301F-11D3-BF4B-00C04F79EFBC}") = "QuikConnector", "QuikConnector.csproj", "{AF3398C2-18A5-43DE-8AB1-4992E21B4ABD}"
EndProject
Global
	GlobalSection(SolutionConfigurationPlatforms) = preSolution
		Debug|Any CPU = Debug|Any CPU
		Release|Any CPU = Release|Any CPU
	EndGlobalSection
	GlobalSection(ProjectConfigurationPlatforms) = postSolution
		{AF3398C2-18A5-43DE-8AB1-4992E21B4ABD}.Debug|Any CPU.ActiveCfg = Debug|Any CPU
		{AF3398C2-18A5-43DE-8AB1-4992E21B4ABD}.Debug|Any CPU.Build.0 = Debug|Any CPU
		{AF3398C2-18A5-43DE-8AB1-4992E21B4ABD}.Release|Any CPU.ActiveCfg = Release|Any CPU
		{AF3398C2-18A5-43DE-8AB1-4992E21B4ABD}.Release|Any CPU.Build.0 = Release|Any CPU
	EndGlobalSection
	GlobalSection(SolutionProperties) = preSolution
		HideSolutionNode = FALSE
	EndGlobalSection
	GlobalSection(ExtensibilityGlobals) = postSolution
		SolutionGuid = {25CC81CB-4816-4405-9A72-92AD4CFA0F1F}
	EndGlobalSection
EndGlobal
